// !$*UTF8*$!
{
	archiveVersion = 1;
	classes = {
	};
	objectVersion = 56;
	objects = {

/* Begin PBXBuildFile section */
		625F9F482A25DA0900BDD250 /* AppDelegate.swift in Sources */ = {isa = PBXBuildFile; fileRef = 625F9F472A25DA0900BDD250 /* AppDelegate.swift */; };
		625F9F4A2A25DA0900BDD250 /* SceneDelegate.swift in Sources */ = {isa = PBXBuildFile; fileRef = 625F9F492A25DA0900BDD250 /* SceneDelegate.swift */; };
		625F9F4C2A25DA0900BDD250 /* MainViewController.swift in Sources */ = {isa = PBXBuildFile; fileRef = 625F9F4B2A25DA0900BDD250 /* MainViewController.swift */; };
		625F9F512A25DA0A00BDD250 /* Assets.xcassets in Resources */ = {isa = PBXBuildFile; fileRef = 625F9F502A25DA0A00BDD250 /* Assets.xcassets */; };
		625F9F542A25DA0A00BDD250 /* LaunchScreen.storyboard in Resources */ = {isa = PBXBuildFile; fileRef = 625F9F522A25DA0A00BDD250 /* LaunchScreen.storyboard */; };
		625F9F5F2A25DC7F00BDD250 /* AppCoordinator.swift in Sources */ = {isa = PBXBuildFile; fileRef = 625F9F5E2A25DC7F00BDD250 /* AppCoordinator.swift */; };
		625F9F612A25E1C200BDD250 /* MainViewModel.swift in Sources */ = {isa = PBXBuildFile; fileRef = 625F9F602A25E1C200BDD250 /* MainViewModel.swift */; };
		625F9F652A25E6FB00BDD250 /* NetworkManager.swift in Sources */ = {isa = PBXBuildFile; fileRef = 625F9F642A25E6FB00BDD250 /* NetworkManager.swift */; };
		625F9F672A25E75400BDD250 /* NetworkProtocols.swift in Sources */ = {isa = PBXBuildFile; fileRef = 625F9F662A25E75400BDD250 /* NetworkProtocols.swift */; };
		625F9F692A25E77E00BDD250 /* NetworkError.swift in Sources */ = {isa = PBXBuildFile; fileRef = 625F9F682A25E77E00BDD250 /* NetworkError.swift */; };
		625F9F6C2A25E7E600BDD250 /* URLSession + ext.swift in Sources */ = {isa = PBXBuildFile; fileRef = 625F9F6B2A25E7E600BDD250 /* URLSession + ext.swift */; };
		625F9F6E2A25E85000BDD250 /* APIEndpoints.swift in Sources */ = {isa = PBXBuildFile; fileRef = 625F9F6D2A25E85000BDD250 /* APIEndpoints.swift */; };
		625F9F702A25EC9300BDD250 /* MusicService.swift in Sources */ = {isa = PBXBuildFile; fileRef = 625F9F6F2A25EC9300BDD250 /* MusicService.swift */; };
		625F9F732A25EEDB00BDD250 /* ResultsDataModel.swift in Sources */ = {isa = PBXBuildFile; fileRef = 625F9F722A25EEDB00BDD250 /* ResultsDataModel.swift */; };
		625F9F772A26025900BDD250 /* Resources.swift in Sources */ = {isa = PBXBuildFile; fileRef = 625F9F762A26025900BDD250 /* Resources.swift */; };
		625F9F792A26525900BDD250 /* LoadingState.swift in Sources */ = {isa = PBXBuildFile; fileRef = 625F9F782A26525900BDD250 /* LoadingState.swift */; };
		625F9F7C2A26591400BDD250 /* SongCell.swift in Sources */ = {isa = PBXBuildFile; fileRef = 625F9F7B2A26591400BDD250 /* SongCell.swift */; };
		625F9F7E2A26666600BDD250 /* SongModel.swift in Sources */ = {isa = PBXBuildFile; fileRef = 625F9F7D2A26666600BDD250 /* SongModel.swift */; };
		625F9F812A2757C300BDD250 /* DetailViewController.swift in Sources */ = {isa = PBXBuildFile; fileRef = 625F9F802A2757C300BDD250 /* DetailViewController.swift */; };
		625F9F832A2757D200BDD250 /* DetailViewModel.swift in Sources */ = {isa = PBXBuildFile; fileRef = 625F9F822A2757D200BDD250 /* DetailViewModel.swift */; };
		625F9F852A27A06900BDD250 /* AudioService.swift in Sources */ = {isa = PBXBuildFile; fileRef = 625F9F842A27A06900BDD250 /* AudioService.swift */; };
		625F9F8D2A286DD700BDD250 /* MusicServiceTests.swift in Sources */ = {isa = PBXBuildFile; fileRef = 625F9F8C2A286DD700BDD250 /* MusicServiceTests.swift */; };
		625F9F942A286E0900BDD250 /* NetworkManagerMock.swift in Sources */ = {isa = PBXBuildFile; fileRef = 625F9F932A286E0900BDD250 /* NetworkManagerMock.swift */; };
/* End PBXBuildFile section */

/* Begin PBXContainerItemProxy section */
		625F9F8E2A286DD700BDD250 /* PBXContainerItemProxy */ = {
			isa = PBXContainerItemProxy;
			containerPortal = 625F9F3C2A25DA0900BDD250 /* Project object */;
			proxyType = 1;
			remoteGlobalIDString = 625F9F432A25DA0900BDD250;
			remoteInfo = iTunesTest;
		};
/* End PBXContainerItemProxy section */

/* Begin PBXFileReference section */
		625F9F442A25DA0900BDD250 /* iTunesTest.app */ = {isa = PBXFileReference; explicitFileType = wrapper.application; includeInIndex = 0; path = iTunesTest.app; sourceTree = BUILT_PRODUCTS_DIR; };
		625F9F472A25DA0900BDD250 /* AppDelegate.swift */ = {isa = PBXFileReference; lastKnownFileType = sourcecode.swift; path = AppDelegate.swift; sourceTree = "<group>"; };
		625F9F492A25DA0900BDD250 /* SceneDelegate.swift */ = {isa = PBXFileReference; lastKnownFileType = sourcecode.swift; path = SceneDelegate.swift; sourceTree = "<group>"; };
		625F9F4B2A25DA0900BDD250 /* MainViewController.swift */ = {isa = PBXFileReference; lastKnownFileType = sourcecode.swift; path = MainViewController.swift; sourceTree = "<group>"; };
		625F9F502A25DA0A00BDD250 /* Assets.xcassets */ = {isa = PBXFileReference; lastKnownFileType = folder.assetcatalog; path = Assets.xcassets; sourceTree = "<group>"; };
		625F9F532A25DA0A00BDD250 /* Base */ = {isa = PBXFileReference; lastKnownFileType = file.storyboard; name = Base; path = Base.lproj/LaunchScreen.storyboard; sourceTree = "<group>"; };
		625F9F552A25DA0A00BDD250 /* Info.plist */ = {isa = PBXFileReference; lastKnownFileType = text.plist.xml; path = Info.plist; sourceTree = "<group>"; };
		625F9F5E2A25DC7F00BDD250 /* AppCoordinator.swift */ = {isa = PBXFileReference; lastKnownFileType = sourcecode.swift; path = AppCoordinator.swift; sourceTree = "<group>"; };
		625F9F602A25E1C200BDD250 /* MainViewModel.swift */ = {isa = PBXFileReference; lastKnownFileType = sourcecode.swift; path = MainViewModel.swift; sourceTree = "<group>"; };
		625F9F642A25E6FB00BDD250 /* NetworkManager.swift */ = {isa = PBXFileReference; lastKnownFileType = sourcecode.swift; path = NetworkManager.swift; sourceTree = "<group>"; };
		625F9F662A25E75400BDD250 /* NetworkProtocols.swift */ = {isa = PBXFileReference; lastKnownFileType = sourcecode.swift; path = NetworkProtocols.swift; sourceTree = "<group>"; };
		625F9F682A25E77E00BDD250 /* NetworkError.swift */ = {isa = PBXFileReference; lastKnownFileType = sourcecode.swift; path = NetworkError.swift; sourceTree = "<group>"; };
		625F9F6B2A25E7E600BDD250 /* URLSession + ext.swift */ = {isa = PBXFileReference; lastKnownFileType = sourcecode.swift; path = "URLSession + ext.swift"; sourceTree = "<group>"; };
		625F9F6D2A25E85000BDD250 /* APIEndpoints.swift */ = {isa = PBXFileReference; lastKnownFileType = sourcecode.swift; path = APIEndpoints.swift; sourceTree = "<group>"; };
		625F9F6F2A25EC9300BDD250 /* MusicService.swift */ = {isa = PBXFileReference; lastKnownFileType = sourcecode.swift; path = MusicService.swift; sourceTree = "<group>"; };
		625F9F722A25EEDB00BDD250 /* ResultsDataModel.swift */ = {isa = PBXFileReference; lastKnownFileType = sourcecode.swift; path = ResultsDataModel.swift; sourceTree = "<group>"; };
		625F9F762A26025900BDD250 /* Resources.swift */ = {isa = PBXFileReference; lastKnownFileType = sourcecode.swift; path = Resources.swift; sourceTree = "<group>"; };
		625F9F782A26525900BDD250 /* LoadingState.swift */ = {isa = PBXFileReference; lastKnownFileType = sourcecode.swift; path = LoadingState.swift; sourceTree = "<group>"; };
		625F9F7B2A26591400BDD250 /* SongCell.swift */ = {isa = PBXFileReference; lastKnownFileType = sourcecode.swift; path = SongCell.swift; sourceTree = "<group>"; };
		625F9F7D2A26666600BDD250 /* SongModel.swift */ = {isa = PBXFileReference; lastKnownFileType = sourcecode.swift; path = SongModel.swift; sourceTree = "<group>"; };
		625F9F802A2757C300BDD250 /* DetailViewController.swift */ = {isa = PBXFileReference; lastKnownFileType = sourcecode.swift; path = DetailViewController.swift; sourceTree = "<group>"; };
		625F9F822A2757D200BDD250 /* DetailViewModel.swift */ = {isa = PBXFileReference; lastKnownFileType = sourcecode.swift; path = DetailViewModel.swift; sourceTree = "<group>"; };
		625F9F842A27A06900BDD250 /* AudioService.swift */ = {isa = PBXFileReference; lastKnownFileType = sourcecode.swift; path = AudioService.swift; sourceTree = "<group>"; };
		625F9F8A2A286DD700BDD250 /* iTunesTestTests.xctest */ = {isa = PBXFileReference; explicitFileType = wrapper.cfbundle; includeInIndex = 0; path = iTunesTestTests.xctest; sourceTree = BUILT_PRODUCTS_DIR; };
		625F9F8C2A286DD700BDD250 /* MusicServiceTests.swift */ = {isa = PBXFileReference; lastKnownFileType = sourcecode.swift; path = MusicServiceTests.swift; sourceTree = "<group>"; };
		625F9F932A286E0900BDD250 /* NetworkManagerMock.swift */ = {isa = PBXFileReference; lastKnownFileType = sourcecode.swift; path = NetworkManagerMock.swift; sourceTree = "<group>"; };
/* End PBXFileReference section */

/* Begin PBXFrameworksBuildPhase section */
		625F9F412A25DA0900BDD250 /* Frameworks */ = {
			isa = PBXFrameworksBuildPhase;
			buildActionMask = 2147483647;
			files = (
			);
			runOnlyForDeploymentPostprocessing = 0;
		};
		625F9F872A286DD700BDD250 /* Frameworks */ = {
			isa = PBXFrameworksBuildPhase;
			buildActionMask = 2147483647;
			files = (
			);
			runOnlyForDeploymentPostprocessing = 0;
		};
/* End PBXFrameworksBuildPhase section */

/* Begin PBXGroup section */
		625F9F3B2A25DA0900BDD250 = {
			isa = PBXGroup;
			children = (
				625F9F462A25DA0900BDD250 /* iTunesTest */,
				625F9F8B2A286DD700BDD250 /* iTunesTestTests */,
				625F9F452A25DA0900BDD250 /* Products */,
			);
			sourceTree = "<group>";
		};
		625F9F452A25DA0900BDD250 /* Products */ = {
			isa = PBXGroup;
			children = (
				625F9F442A25DA0900BDD250 /* iTunesTest.app */,
				625F9F8A2A286DD700BDD250 /* iTunesTestTests.xctest */,
			);
			name = Products;
			sourceTree = "<group>";
		};
		625F9F462A25DA0900BDD250 /* iTunesTest */ = {
			isa = PBXGroup;
			children = (
				625F9F5C2A25DAB100BDD250 /* Application */,
				625F9F5D2A25DC6B00BDD250 /* Coordinators */,
				625F9F742A25FFAE00BDD250 /* Main */,
				625F9F7F2A2757AE00BDD250 /* Detail */,
				625F9F712A25ED3400BDD250 /* Models */,
				625F9F632A25E6C100BDD250 /* Network */,
				625F9F622A25E69400BDD250 /* Services */,
				625F9F6A2A25E7D000BDD250 /* Extension */,
				625F9F752A26023800BDD250 /* Resources */,
				625F9F5B2A25DA8300BDD250 /* Supporting Files */,
			);
			path = iTunesTest;
			sourceTree = "<group>";
		};
		625F9F5B2A25DA8300BDD250 /* Supporting Files */ = {
			isa = PBXGroup;
			children = (
				625F9F502A25DA0A00BDD250 /* Assets.xcassets */,
				625F9F522A25DA0A00BDD250 /* LaunchScreen.storyboard */,
				625F9F552A25DA0A00BDD250 /* Info.plist */,
			);
			path = "Supporting Files";
			sourceTree = "<group>";
		};
		625F9F5C2A25DAB100BDD250 /* Application */ = {
			isa = PBXGroup;
			children = (
				625F9F472A25DA0900BDD250 /* AppDelegate.swift */,
				625F9F492A25DA0900BDD250 /* SceneDelegate.swift */,
			);
			path = Application;
			sourceTree = "<group>";
		};
		625F9F5D2A25DC6B00BDD250 /* Coordinators */ = {
			isa = PBXGroup;
			children = (
				625F9F5E2A25DC7F00BDD250 /* AppCoordinator.swift */,
			);
			path = Coordinators;
			sourceTree = "<group>";
		};
		625F9F622A25E69400BDD250 /* Services */ = {
			isa = PBXGroup;
			children = (
				625F9F6F2A25EC9300BDD250 /* MusicService.swift */,
				625F9F842A27A06900BDD250 /* AudioService.swift */,
			);
			path = Services;
			sourceTree = "<group>";
		};
		625F9F632A25E6C100BDD250 /* Network */ = {
			isa = PBXGroup;
			children = (
				625F9F6D2A25E85000BDD250 /* APIEndpoints.swift */,
				625F9F642A25E6FB00BDD250 /* NetworkManager.swift */,
				625F9F662A25E75400BDD250 /* NetworkProtocols.swift */,
				625F9F682A25E77E00BDD250 /* NetworkError.swift */,
			);
			path = Network;
			sourceTree = "<group>";
		};
		625F9F6A2A25E7D000BDD250 /* Extension */ = {
			isa = PBXGroup;
			children = (
				625F9F6B2A25E7E600BDD250 /* URLSession + ext.swift */,
			);
			path = Extension;
			sourceTree = "<group>";
		};
		625F9F712A25ED3400BDD250 /* Models */ = {
			isa = PBXGroup;
			children = (
				625F9F722A25EEDB00BDD250 /* ResultsDataModel.swift */,
				625F9F7D2A26666600BDD250 /* SongModel.swift */,
				625F9F782A26525900BDD250 /* LoadingState.swift */,
			);
			path = Models;
			sourceTree = "<group>";
		};
		625F9F742A25FFAE00BDD250 /* Main */ = {
			isa = PBXGroup;
			children = (
				625F9F7A2A26590B00BDD250 /* Cell */,
				625F9F602A25E1C200BDD250 /* MainViewModel.swift */,
				625F9F4B2A25DA0900BDD250 /* MainViewController.swift */,
			);
			path = Main;
			sourceTree = "<group>";
		};
		625F9F752A26023800BDD250 /* Resources */ = {
			isa = PBXGroup;
			children = (
				625F9F762A26025900BDD250 /* Resources.swift */,
			);
			path = Resources;
			sourceTree = "<group>";
		};
		625F9F7A2A26590B00BDD250 /* Cell */ = {
			isa = PBXGroup;
			children = (
				625F9F7B2A26591400BDD250 /* SongCell.swift */,
			);
			path = Cell;
			sourceTree = "<group>";
		};
		625F9F7F2A2757AE00BDD250 /* Detail */ = {
			isa = PBXGroup;
			children = (
				625F9F822A2757D200BDD250 /* DetailViewModel.swift */,
				625F9F802A2757C300BDD250 /* DetailViewController.swift */,
			);
			path = Detail;
			sourceTree = "<group>";
		};
		625F9F8B2A286DD700BDD250 /* iTunesTestTests */ = {
			isa = PBXGroup;
			children = (
				625F9F8C2A286DD700BDD250 /* MusicServiceTests.swift */,
				625F9F932A286E0900BDD250 /* NetworkManagerMock.swift */,
			);
			path = iTunesTestTests;
			sourceTree = "<group>";
		};
/* End PBXGroup section */

/* Begin PBXNativeTarget section */
		625F9F432A25DA0900BDD250 /* iTunesTest */ = {
			isa = PBXNativeTarget;
			buildConfigurationList = 625F9F582A25DA0A00BDD250 /* Build configuration list for PBXNativeTarget "iTunesTest" */;
			buildPhases = (
				625F9F402A25DA0900BDD250 /* Sources */,
				625F9F412A25DA0900BDD250 /* Frameworks */,
				625F9F422A25DA0900BDD250 /* Resources */,
			);
			buildRules = (
			);
			dependencies = (
			);
			name = iTunesTest;
			productName = iTunesTest;
			productReference = 625F9F442A25DA0900BDD250 /* iTunesTest.app */;
			productType = "com.apple.product-type.application";
		};
		625F9F892A286DD700BDD250 /* iTunesTestTests */ = {
			isa = PBXNativeTarget;
			buildConfigurationList = 625F9F902A286DD800BDD250 /* Build configuration list for PBXNativeTarget "iTunesTestTests" */;
			buildPhases = (
				625F9F862A286DD700BDD250 /* Sources */,
				625F9F872A286DD700BDD250 /* Frameworks */,
				625F9F882A286DD700BDD250 /* Resources */,
			);
			buildRules = (
			);
			dependencies = (
				625F9F8F2A286DD700BDD250 /* PBXTargetDependency */,
			);
			name = iTunesTestTests;
			productName = iTunesTestTests;
			productReference = 625F9F8A2A286DD700BDD250 /* iTunesTestTests.xctest */;
			productType = "com.apple.product-type.bundle.unit-test";
		};
/* End PBXNativeTarget section */

/* Begin PBXProject section */
		625F9F3C2A25DA0900BDD250 /* Project object */ = {
			isa = PBXProject;
			attributes = {
				BuildIndependentTargetsInParallel = 1;
				LastSwiftUpdateCheck = 1430;
				LastUpgradeCheck = 1430;
				TargetAttributes = {
					625F9F432A25DA0900BDD250 = {
						CreatedOnToolsVersion = 14.3;
					};
					625F9F892A286DD700BDD250 = {
						CreatedOnToolsVersion = 14.3;
						TestTargetID = 625F9F432A25DA0900BDD250;
					};
				};
			};
			buildConfigurationList = 625F9F3F2A25DA0900BDD250 /* Build configuration list for PBXProject "iTunesTest" */;
			compatibilityVersion = "Xcode 14.0";
			developmentRegion = en;
			hasScannedForEncodings = 0;
			knownRegions = (
				en,
				Base,
			);
			mainGroup = 625F9F3B2A25DA0900BDD250;
			productRefGroup = 625F9F452A25DA0900BDD250 /* Products */;
			projectDirPath = "";
			projectRoot = "";
			targets = (
				625F9F432A25DA0900BDD250 /* iTunesTest */,
				625F9F892A286DD700BDD250 /* iTunesTestTests */,
			);
		};
/* End PBXProject section */

/* Begin PBXResourcesBuildPhase section */
		625F9F422A25DA0900BDD250 /* Resources */ = {
			isa = PBXResourcesBuildPhase;
			buildActionMask = 2147483647;
			files = (
				625F9F542A25DA0A00BDD250 /* LaunchScreen.storyboard in Resources */,
				625F9F512A25DA0A00BDD250 /* Assets.xcassets in Resources */,
			);
			runOnlyForDeploymentPostprocessing = 0;
		};
		625F9F882A286DD700BDD250 /* Resources */ = {
			isa = PBXResourcesBuildPhase;
			buildActionMask = 2147483647;
			files = (
			);
			runOnlyForDeploymentPostprocessing = 0;
		};
/* End PBXResourcesBuildPhase section */

/* Begin PBXSourcesBuildPhase section */
		625F9F402A25DA0900BDD250 /* Sources */ = {
			isa = PBXSourcesBuildPhase;
			buildActionMask = 2147483647;
			files = (
				625F9F672A25E75400BDD250 /* NetworkProtocols.swift in Sources */,
				625F9F812A2757C300BDD250 /* DetailViewController.swift in Sources */,
				625F9F692A25E77E00BDD250 /* NetworkError.swift in Sources */,
				625F9F7E2A26666600BDD250 /* SongModel.swift in Sources */,
				625F9F652A25E6FB00BDD250 /* NetworkManager.swift in Sources */,
				625F9F702A25EC9300BDD250 /* MusicService.swift in Sources */,
				625F9F612A25E1C200BDD250 /* MainViewModel.swift in Sources */,
				625F9F852A27A06900BDD250 /* AudioService.swift in Sources */,
				625F9F5F2A25DC7F00BDD250 /* AppCoordinator.swift in Sources */,
				625F9F6E2A25E85000BDD250 /* APIEndpoints.swift in Sources */,
				625F9F4C2A25DA0900BDD250 /* MainViewController.swift in Sources */,
				625F9F792A26525900BDD250 /* LoadingState.swift in Sources */,
				625F9F482A25DA0900BDD250 /* AppDelegate.swift in Sources */,
				625F9F6C2A25E7E600BDD250 /* URLSession + ext.swift in Sources */,
				625F9F832A2757D200BDD250 /* DetailViewModel.swift in Sources */,
				625F9F732A25EEDB00BDD250 /* ResultsDataModel.swift in Sources */,
				625F9F4A2A25DA0900BDD250 /* SceneDelegate.swift in Sources */,
				625F9F7C2A26591400BDD250 /* SongCell.swift in Sources */,
				625F9F772A26025900BDD250 /* Resources.swift in Sources */,
			);
			runOnlyForDeploymentPostprocessing = 0;
		};
		625F9F862A286DD700BDD250 /* Sources */ = {
			isa = PBXSourcesBuildPhase;
			buildActionMask = 2147483647;
			files = (
				625F9F942A286E0900BDD250 /* NetworkManagerMock.swift in Sources */,
				625F9F8D2A286DD700BDD250 /* MusicServiceTests.swift in Sources */,
			);
			runOnlyForDeploymentPostprocessing = 0;
		};
/* End PBXSourcesBuildPhase section */

/* Begin PBXTargetDependency section */
		625F9F8F2A286DD700BDD250 /* PBXTargetDependency */ = {
			isa = PBXTargetDependency;
			target = 625F9F432A25DA0900BDD250 /* iTunesTest */;
			targetProxy = 625F9F8E2A286DD700BDD250 /* PBXContainerItemProxy */;
		};
/* End PBXTargetDependency section */

/* Begin PBXVariantGroup section */
		625F9F522A25DA0A00BDD250 /* LaunchScreen.storyboard */ = {
			isa = PBXVariantGroup;
			children = (
				625F9F532A25DA0A00BDD250 /* Base */,
			);
			name = LaunchScreen.storyboard;
			sourceTree = "<group>";
		};
/* End PBXVariantGroup section */

/* Begin XCBuildConfiguration section */
		625F9F562A25DA0A00BDD250 /* Debug */ = {
			isa = XCBuildConfiguration;
			buildSettings = {
				ALWAYS_SEARCH_USER_PATHS = NO;
				CLANG_ANALYZER_NONNULL = YES;
				CLANG_ANALYZER_NUMBER_OBJECT_CONVERSION = YES_AGGRESSIVE;
				CLANG_CXX_LANGUAGE_STANDARD = "gnu++20";
				CLANG_ENABLE_MODULES = YES;
				CLANG_ENABLE_OBJC_ARC = YES;
				CLANG_ENABLE_OBJC_WEAK = YES;
				CLANG_WARN_BLOCK_CAPTURE_AUTORELEASING = YES;
				CLANG_WARN_BOOL_CONVERSION = YES;
				CLANG_WARN_COMMA = YES;
				CLANG_WARN_CONSTANT_CONVERSION = YES;
				CLANG_WARN_DEPRECATED_OBJC_IMPLEMENTATIONS = YES;
				CLANG_WARN_DIRECT_OBJC_ISA_USAGE = YES_ERROR;
				CLANG_WARN_DOCUMENTATION_COMMENTS = YES;
				CLANG_WARN_EMPTY_BODY = YES;
				CLANG_WARN_ENUM_CONVERSION = YES;
				CLANG_WARN_INFINITE_RECURSION = YES;
				CLANG_WARN_INT_CONVERSION = YES;
				CLANG_WARN_NON_LITERAL_NULL_CONVERSION = YES;
				CLANG_WARN_OBJC_IMPLICIT_RETAIN_SELF = YES;
				CLANG_WARN_OBJC_LITERAL_CONVERSION = YES;
				CLANG_WARN_OBJC_ROOT_CLASS = YES_ERROR;
				CLANG_WARN_QUOTED_INCLUDE_IN_FRAMEWORK_HEADER = YES;
				CLANG_WARN_RANGE_LOOP_ANALYSIS = YES;
				CLANG_WARN_STRICT_PROTOTYPES = YES;
				CLANG_WARN_SUSPICIOUS_MOVE = YES;
				CLANG_WARN_UNGUARDED_AVAILABILITY = YES_AGGRESSIVE;
				CLANG_WARN_UNREACHABLE_CODE = YES;
				CLANG_WARN__DUPLICATE_METHOD_MATCH = YES;
				COPY_PHASE_STRIP = NO;
				DEBUG_INFORMATION_FORMAT = dwarf;
				ENABLE_STRICT_OBJC_MSGSEND = YES;
				ENABLE_TESTABILITY = YES;
				GCC_C_LANGUAGE_STANDARD = gnu11;
				GCC_DYNAMIC_NO_PIC = NO;
				GCC_NO_COMMON_BLOCKS = YES;
				GCC_OPTIMIZATION_LEVEL = 0;
				GCC_PREPROCESSOR_DEFINITIONS = (
					"DEBUG=1",
					"$(inherited)",
				);
				GCC_WARN_64_TO_32_BIT_CONVERSION = YES;
				GCC_WARN_ABOUT_RETURN_TYPE = YES_ERROR;
				GCC_WARN_UNDECLARED_SELECTOR = YES;
				GCC_WARN_UNINITIALIZED_AUTOS = YES_AGGRESSIVE;
				GCC_WARN_UNUSED_FUNCTION = YES;
				GCC_WARN_UNUSED_VARIABLE = YES;
				IPHONEOS_DEPLOYMENT_TARGET = 16.4;
				MTL_ENABLE_DEBUG_INFO = INCLUDE_SOURCE;
				MTL_FAST_MATH = YES;
				ONLY_ACTIVE_ARCH = YES;
				SDKROOT = iphoneos;
				SWIFT_ACTIVE_COMPILATION_CONDITIONS = DEBUG;
				SWIFT_OPTIMIZATION_LEVEL = "-Onone";
			};
			name = Debug;
		};
		625F9F572A25DA0A00BDD250 /* Release */ = {
			isa = XCBuildConfiguration;
			buildSettings = {
				ALWAYS_SEARCH_USER_PATHS = NO;
				CLANG_ANALYZER_NONNULL = YES;
				CLANG_ANALYZER_NUMBER_OBJECT_CONVERSION = YES_AGGRESSIVE;
				CLANG_CXX_LANGUAGE_STANDARD = "gnu++20";
				CLANG_ENABLE_MODULES = YES;
				CLANG_ENABLE_OBJC_ARC = YES;
				CLANG_ENABLE_OBJC_WEAK = YES;
				CLANG_WARN_BLOCK_CAPTURE_AUTORELEASING = YES;
				CLANG_WARN_BOOL_CONVERSION = YES;
				CLANG_WARN_COMMA = YES;
				CLANG_WARN_CONSTANT_CONVERSION = YES;
				CLANG_WARN_DEPRECATED_OBJC_IMPLEMENTATIONS = YES;
				CLANG_WARN_DIRECT_OBJC_ISA_USAGE = YES_ERROR;
				CLANG_WARN_DOCUMENTATION_COMMENTS = YES;
				CLANG_WARN_EMPTY_BODY = YES;
				CLANG_WARN_ENUM_CONVERSION = YES;
				CLANG_WARN_INFINITE_RECURSION = YES;
				CLANG_WARN_INT_CONVERSION = YES;
				CLANG_WARN_NON_LITERAL_NULL_CONVERSION = YES;
				CLANG_WARN_OBJC_IMPLICIT_RETAIN_SELF = YES;
				CLANG_WARN_OBJC_LITERAL_CONVERSION = YES;
				CLANG_WARN_OBJC_ROOT_CLASS = YES_ERROR;
				CLANG_WARN_QUOTED_INCLUDE_IN_FRAMEWORK_HEADER = YES;
				CLANG_WARN_RANGE_LOOP_ANALYSIS = YES;
				CLANG_WARN_STRICT_PROTOTYPES = YES;
				CLANG_WARN_SUSPICIOUS_MOVE = YES;
				CLANG_WARN_UNGUARDED_AVAILABILITY = YES_AGGRESSIVE;
				CLANG_WARN_UNREACHABLE_CODE = YES;
				CLANG_WARN__DUPLICATE_METHOD_MATCH = YES;
				COPY_PHASE_STRIP = NO;
				DEBUG_INFORMATION_FORMAT = "dwarf-with-dsym";
				ENABLE_NS_ASSERTIONS = NO;
				ENABLE_STRICT_OBJC_MSGSEND = YES;
				GCC_C_LANGUAGE_STANDARD = gnu11;
				GCC_NO_COMMON_BLOCKS = YES;
				GCC_WARN_64_TO_32_BIT_CONVERSION = YES;
				GCC_WARN_ABOUT_RETURN_TYPE = YES_ERROR;
				GCC_WARN_UNDECLARED_SELECTOR = YES;
				GCC_WARN_UNINITIALIZED_AUTOS = YES_AGGRESSIVE;
				GCC_WARN_UNUSED_FUNCTION = YES;
				GCC_WARN_UNUSED_VARIABLE = YES;
				IPHONEOS_DEPLOYMENT_TARGET = 16.4;
				MTL_ENABLE_DEBUG_INFO = NO;
				MTL_FAST_MATH = YES;
				SDKROOT = iphoneos;
				SWIFT_COMPILATION_MODE = wholemodule;
				SWIFT_OPTIMIZATION_LEVEL = "-O";
				VALIDATE_PRODUCT = YES;
			};
			name = Release;
		};
		625F9F592A25DA0A00BDD250 /* Debug */ = {
			isa = XCBuildConfiguration;
			buildSettings = {
				ASSETCATALOG_COMPILER_APPICON_NAME = AppIcon;
				ASSETCATALOG_COMPILER_GLOBAL_ACCENT_COLOR_NAME = AccentColor;
				CODE_SIGN_STYLE = Automatic;
				CURRENT_PROJECT_VERSION = 1;
				DEVELOPMENT_TEAM = J846X7UY52;
				GENERATE_INFOPLIST_FILE = YES;
				INFOPLIST_FILE = "iTunesTest/Supporting Files/Info.plist";
				INFOPLIST_KEY_UIApplicationSupportsIndirectInputEvents = YES;
				INFOPLIST_KEY_UILaunchStoryboardName = LaunchScreen;
				INFOPLIST_KEY_UISupportedInterfaceOrientations = UIInterfaceOrientationPortrait;
				INFOPLIST_KEY_UISupportedInterfaceOrientations_iPad = "UIInterfaceOrientationLandscapeLeft UIInterfaceOrientationLandscapeRight UIInterfaceOrientationPortrait UIInterfaceOrientationPortraitUpsideDown";
				IPHONEOS_DEPLOYMENT_TARGET = 13.0;
				LD_RUNPATH_SEARCH_PATHS = (
					"$(inherited)",
					"@executable_path/Frameworks",
				);
				MARKETING_VERSION = 1.0;
				PRODUCT_BUNDLE_IDENTIFIER = com.zhiltsov.iTunesTest;
				PRODUCT_NAME = "$(TARGET_NAME)";
				SUPPORTED_PLATFORMS = "iphoneos iphonesimulator";
				SUPPORTS_MACCATALYST = NO;
				SUPPORTS_MAC_DESIGNED_FOR_IPHONE_IPAD = NO;
				SWIFT_EMIT_LOC_STRINGS = YES;
				SWIFT_VERSION = 5.0;
				TARGETED_DEVICE_FAMILY = 1;
			};
			name = Debug;
		};
		625F9F5A2A25DA0A00BDD250 /* Release */ = {
			isa = XCBuildConfiguration;
			buildSettings = {
				ASSETCATALOG_COMPILER_APPICON_NAME = AppIcon;
				ASSETCATALOG_COMPILER_GLOBAL_ACCENT_COLOR_NAME = AccentColor;
				CODE_SIGN_STYLE = Automatic;
				CURRENT_PROJECT_VERSION = 1;
				DEVELOPMENT_TEAM = J846X7UY52;
				GENERATE_INFOPLIST_FILE = YES;
				INFOPLIST_FILE = "iTunesTest/Supporting Files/Info.plist";
				INFOPLIST_KEY_UIApplicationSupportsIndirectInputEvents = YES;
				INFOPLIST_KEY_UILaunchStoryboardName = LaunchScreen;
				INFOPLIST_KEY_UISupportedInterfaceOrientations = UIInterfaceOrientationPortrait;
				INFOPLIST_KEY_UISupportedInterfaceOrientations_iPad = "UIInterfaceOrientationLandscapeLeft UIInterfaceOrientationLandscapeRight UIInterfaceOrientationPortrait UIInterfaceOrientationPortraitUpsideDown";
				IPHONEOS_DEPLOYMENT_TARGET = 13.0;
				LD_RUNPATH_SEARCH_PATHS = (
					"$(inherited)",
					"@executable_path/Frameworks",
				);
				MARKETING_VERSION = 1.0;
				PRODUCT_BUNDLE_IDENTIFIER = com.zhiltsov.iTunesTest;
				PRODUCT_NAME = "$(TARGET_NAME)";
				SUPPORTED_PLATFORMS = "iphoneos iphonesimulator";
				SUPPORTS_MACCATALYST = NO;
				SUPPORTS_MAC_DESIGNED_FOR_IPHONE_IPAD = NO;
				SWIFT_EMIT_LOC_STRINGS = YES;
				SWIFT_VERSION = 5.0;
				TARGETED_DEVICE_FAMILY = 1;
			};
			name = Release;
		};
		625F9F912A286DD800BDD250 /* Debug */ = {
			isa = XCBuildConfiguration;
			buildSettings = {
				BUNDLE_LOADER = "$(TEST_HOST)";
				CODE_SIGN_STYLE = Automatic;
				CURRENT_PROJECT_VERSION = 1;
				DEVELOPMENT_TEAM = J846X7UY52;
				GENERATE_INFOPLIST_FILE = YES;
				MARKETING_VERSION = 1.0;
				PRODUCT_BUNDLE_IDENTIFIER = com.zhiltsov.iTunesTestTests;
				PRODUCT_NAME = "$(TARGET_NAME)";
				SWIFT_EMIT_LOC_STRINGS = NO;
				SWIFT_VERSION = 5.0;
				TARGETED_DEVICE_FAMILY = "1,2";
				TEST_HOST = "$(BUILT_PRODUCTS_DIR)/iTunesTest.app/$(BUNDLE_EXECUTABLE_FOLDER_PATH)/iTunesTest";
			};
			name = Debug;
		};
		625F9F922A286DD800BDD250 /* Release */ = {
			isa = XCBuildConfiguration;
			buildSettings = {
				BUNDLE_LOADER = "$(TEST_HOST)";
				CODE_SIGN_STYLE = Automatic;
				CURRENT_PROJECT_VERSION = 1;
				DEVELOPMENT_TEAM = J846X7UY52;
				GENERATE_INFOPLIST_FILE = YES;
				MARKETING_VERSION = 1.0;
				PRODUCT_BUNDLE_IDENTIFIER = com.zhiltsov.iTunesTestTests;
				PRODUCT_NAME = "$(TARGET_NAME)";
				SWIFT_EMIT_LOC_STRINGS = NO;
				SWIFT_VERSION = 5.0;
				TARGETED_DEVICE_FAMILY = "1,2";
				TEST_HOST = "$(BUILT_PRODUCTS_DIR)/iTunesTest.app/$(BUNDLE_EXECUTABLE_FOLDER_PATH)/iTunesTest";
			};
			name = Release;
		};
/* End XCBuildConfiguration section */

/* Begin XCConfigurationList section */
		625F9F3F2A25DA0900BDD250 /* Build configuration list for PBXProject "iTunesTest" */ = {
			isa = XCConfigurationList;
			buildConfigurations = (
				625F9F562A25DA0A00BDD250 /* Debug */,
				625F9F572A25DA0A00BDD250 /* Release */,
			);
			defaultConfigurationIsVisible = 0;
			defaultConfigurationName = Release;
		};
		625F9F582A25DA0A00BDD250 /* Build configuration list for PBXNativeTarget "iTunesTest" */ = {
			isa = XCConfigurationList;
			buildConfigurations = (
				625F9F592A25DA0A00BDD250 /* Debug */,
				625F9F5A2A25DA0A00BDD250 /* Release */,
			);
			defaultConfigurationIsVisible = 0;
			defaultConfigurationName = Release;
		};
		625F9F902A286DD800BDD250 /* Build configuration list for PBXNativeTarget "iTunesTestTests" */ = {
			isa = XCConfigurationList;
			buildConfigurations = (
				625F9F912A286DD800BDD250 /* Debug */,
				625F9F922A286DD800BDD250 /* Release */,
			);
			defaultConfigurationIsVisible = 0;
			defaultConfigurationName = Release;
		};
/* End XCConfigurationList section */
	};
	rootObject = 625F9F3C2A25DA0900BDD250 /* Project object */;
}
